
Microsoft Visual Studio Solution File, Format Version 12.00
# Visual Studio Version 17
VisualStudioVersion = 17.0.32014.148
MinimumVisualStudioVersion = 10.0.40219.1
Project("{FAE04EC0-301F-11D3-BF4B-00C04F79EFBC}") = "Diplom2", "Diplom2\Diplom2.csproj", "{47EED389-F24C-40DA-B2BB-18D019CCCBDE}"
EndProject
Global
	GlobalSection(SolutionConfigurationPlatforms) = preSolution
		Debug|Any CPU = Debug|Any CPU
		Release|Any CPU = Release|Any CPU
	EndGlobalSection
	GlobalSection(ProjectConfigurationPlatforms) = postSolution
		{47EED389-F24C-40DA-B2BB-18D019CCCBDE}.Debug|Any CPU.ActiveCfg = Debug|Any CPU
		{47EED389-F24C-40DA-B2BB-18D019CCCBDE}.Debug|Any CPU.Build.0 = Debug|Any CPU
		{47EED389-F24C-40DA-B2BB-18D019CCCBDE}.Release|Any CPU.ActiveCfg = Release|Any CPU
		{47EED389-F24C-40DA-B2BB-18D019CCCBDE}.Release|Any CPU.Build.0 = Release|Any CPU
	EndGlobalSection
	GlobalSection(SolutionProperties) = preSolution
		HideSolutionNode = FALSE
	EndGlobalSection
	GlobalSection(ExtensibilityGlobals) = postSolution
		SolutionGuid = {7FF75104-9A70-4D1F-A6B7-F15854FD5BC5}
	EndGlobalSection
EndGlobal
